// !$*UTF8*$!
{
	archiveVersion = 1;
	classes = {
	};
	objectVersion = 48;
	objects = {

/* Begin PBXBuildFile section */
		76CB897620503E46005B76A9 /* AppDelegate.swift in Sources */ = {isa = PBXBuildFile; fileRef = 76CB897520503E46005B76A9 /* AppDelegate.swift */; };
		76CB897820503E46005B76A9 /* ViewController.swift in Sources */ = {isa = PBXBuildFile; fileRef = 76CB897720503E46005B76A9 /* ViewController.swift */; };
		76CB897B20503E46005B76A9 /* Main.storyboard in Resources */ = {isa = PBXBuildFile; fileRef = 76CB897920503E46005B76A9 /* Main.storyboard */; };
		76CB897E20503E46005B76A9 /* Service3_0.xcdatamodeld in Sources */ = {isa = PBXBuildFile; fileRef = 76CB897C20503E46005B76A9 /* Service3_0.xcdatamodeld */; };
		76CB898020503E46005B76A9 /* Assets.xcassets in Resources */ = {isa = PBXBuildFile; fileRef = 76CB897F20503E46005B76A9 /* Assets.xcassets */; };
		76CB898320503E46005B76A9 /* LaunchScreen.storyboard in Resources */ = {isa = PBXBuildFile; fileRef = 76CB898120503E46005B76A9 /* LaunchScreen.storyboard */; };
/* End PBXBuildFile section */

/* Begin PBXFileReference section */
		76CB897220503E46005B76A9 /* Service3.0.app */ = {isa = PBXFileReference; explicitFileType = wrapper.application; includeInIndex = 0; path = Service3.0.app; sourceTree = BUILT_PRODUCTS_DIR; };
		76CB897520503E46005B76A9 /* AppDelegate.swift */ = {isa = PBXFileReference; lastKnownFileType = sourcecode.swift; path = AppDelegate.swift; sourceTree = "<group>"; };
		76CB897720503E46005B76A9 /* ViewController.swift */ = {isa = PBXFileReference; lastKnownFileType = sourcecode.swift; path = ViewController.swift; sourceTree = "<group>"; };
		76CB897A20503E46005B76A9 /* Base */ = {isa = PBXFileReference; lastKnownFileType = file.storyboard; name = Base; path = Base.lproj/Main.storyboard; sourceTree = "<group>"; };
		76CB897D20503E46005B76A9 /* Service3_0.xcdatamodel */ = {isa = PBXFileReference; lastKnownFileType = wrapper.xcdatamodel; path = Service3_0.xcdatamodel; sourceTree = "<group>"; };
		76CB897F20503E46005B76A9 /* Assets.xcassets */ = {isa = PBXFileReference; lastKnownFileType = folder.assetcatalog; path = Assets.xcassets; sourceTree = "<group>"; };
		76CB898220503E46005B76A9 /* Base */ = {isa = PBXFileReference; lastKnownFileType = file.storyboard; name = Base; path = Base.lproj/LaunchScreen.storyboard; sourceTree = "<group>"; };
		76CB898420503E46005B76A9 /* Info.plist */ = {isa = PBXFileReference; lastKnownFileType = text.plist.xml; path = Info.plist; sourceTree = "<group>"; };
/* End PBXFileReference section */

/* Begin PBXFrameworksBuildPhase section */
		76CB896F20503E46005B76A9 /* Frameworks */ = {
			isa = PBXFrameworksBuildPhase;
			buildActionMask = 2147483647;
			files = (
			);
			runOnlyForDeploymentPostprocessing = 0;
		};
/* End PBXFrameworksBuildPhase section */

/* Begin PBXGroup section */
		76CB896920503E46005B76A9 = {
			isa = PBXGroup;
			children = (
				76CB897420503E46005B76A9 /* Service3.0 */,
				76CB897320503E46005B76A9 /* Products */,
			);
			sourceTree = "<group>";
		};
		76CB897320503E46005B76A9 /* Products */ = {
			isa = PBXGroup;
			children = (
				76CB897220503E46005B76A9 /* Service3.0.app */,
			);
			name = Products;
			sourceTree = "<group>";
		};
		76CB897420503E46005B76A9 /* Service3.0 */ = {
			isa = PBXGroup;
			children = (
				76CB897520503E46005B76A9 /* AppDelegate.swift */,
				76CB897720503E46005B76A9 /* ViewController.swift */,
				76CB897920503E46005B76A9 /* Main.storyboard */,
				76CB897F20503E46005B76A9 /* Assets.xcassets */,
				76CB898120503E46005B76A9 /* LaunchScreen.storyboard */,
				76CB898420503E46005B76A9 /* Info.plist */,
				76CB897C20503E46005B76A9 /* Service3_0.xcdatamodeld */,
			);
			path = Service3.0;
			sourceTree = "<group>";
		};
/* End PBXGroup section */

/* Begin PBXNativeTarget section */
		76CB897120503E46005B76A9 /* Service3.0 */ = {
			isa = PBXNativeTarget;
			buildConfigurationList = 76CB898720503E46005B76A9 /* Build configuration list for PBXNativeTarget "Service3.0" */;
			buildPhases = (
				76CB896E20503E46005B76A9 /* Sources */,
				76CB896F20503E46005B76A9 /* Frameworks */,
				76CB897020503E46005B76A9 /* Resources */,
			);
			buildRules = (
			);
			dependencies = (
			);
			name = Service3.0;
			productName = Service3.0;
			productReference = 76CB897220503E46005B76A9 /* Service3.0.app */;
			productType = "com.apple.product-type.application";
		};
/* End PBXNativeTarget section */

/* Begin PBXProject section */
		76CB896A20503E46005B76A9 /* Project object */ = {
			isa = PBXProject;
			attributes = {
				LastSwiftUpdateCheck = 0920;
				LastUpgradeCheck = 0920;
				ORGANIZATIONNAME = OlehMalichenko;
				TargetAttributes = {
					76CB897120503E46005B76A9 = {
						CreatedOnToolsVersion = 9.2;
						ProvisioningStyle = Automatic;
					};
				};
			};
			buildConfigurationList = 76CB896D20503E46005B76A9 /* Build configuration list for PBXProject "Service3.0" */;
			compatibilityVersion = "Xcode 8.0";
			developmentRegion = en;
			hasScannedForEncodings = 0;
			knownRegions = (
				en,
				Base,
			);
			mainGroup = 76CB896920503E46005B76A9;
			productRefGroup = 76CB897320503E46005B76A9 /* Products */;
			projectDirPath = "";
			projectRoot = "";
			targets = (
				76CB897120503E46005B76A9 /* Service3.0 */,
			);
		};
/* End PBXProject section */

/* Begin PBXResourcesBuildPhase section */
		76CB897020503E46005B76A9 /* Resources */ = {
			isa = PBXResourcesBuildPhase;
			buildActionMask = 2147483647;
			files = (
				76CB898320503E46005B76A9 /* LaunchScreen.storyboard in Resources */,
				76CB898020503E46005B76A9 /* Assets.xcassets in Resources */,
				76CB897B20503E46005B76A9 /* Main.storyboard in Resources */,
			);
			runOnlyForDeploymentPostprocessing = 0;
		};
/* End PBXResourcesBuildPhase section */

/* Begin PBXSourcesBuildPhase section */
		76CB896E20503E46005B76A9 /* Sources */ = {
			isa = PBXSourcesBuildPhase;
			buildActionMask = 2147483647;
			files = (
				76CB897820503E46005B76A9 /* ViewController.swift in Sources */,
				76CB897620503E46005B76A9 /* AppDelegate.swift in Sources */,
				76CB897E20503E46005B76A9 /* Service3_0.xcdatamodeld in Sources */,
			);
			runOnlyForDeploymentPostprocessing = 0;
		};
/* End PBXSourcesBuildPhase section */

/* Begin PBXVariantGroup section */
		76CB897920503E46005B76A9 /* Main.storyboard */ = {
			isa = PBXVariantGroup;
			children = (
				76CB897A20503E46005B76A9 /* Base */,
			);
			name = Main.storyboard;
			sourceTree = "<group>";
		};
		76CB898120503E46005B76A9 /* LaunchScreen.storyboard */ = {
			isa = PBXVariantGroup;
			children = (
				76CB898220503E46005B76A9 /* Base */,
			);
			name = LaunchScreen.storyboard;
			sourceTree = "<group>";
		};
/* End PBXVariantGroup section */

/* Begin XCBuildConfiguration section */
		76CB898520503E46005B76A9 /* Debug */ = {
			isa = XCBuildConfiguration;
			buildSettings = {
				ALWAYS_SEARCH_USER_PATHS = NO;
				CLANG_ANALYZER_NONNULL = YES;
				CLANG_ANALYZER_NUMBER_OBJECT_CONVERSION = YES_AGGRESSIVE;
				CLANG_CXX_LANGUAGE_STANDARD = "gnu++14";
				CLANG_CXX_LIBRARY = "libc++";
				CLANG_ENABLE_MODULES = YES;
				CLANG_ENABLE_OBJC_ARC = YES;
				CLANG_WARN_BLOCK_CAPTURE_AUTORELEASING = YES;
				CLANG_WARN_BOOL_CONVERSION = YES;
				CLANG_WARN_COMMA = YES;
				CLANG_WARN_CONSTANT_CONVERSION = YES;
				CLANG_WARN_DIRECT_OBJC_ISA_USAGE = YES_ERROR;
				CLANG_WARN_DOCUMENTATION_COMMENTS = YES;
				CLANG_WARN_EMPTY_BODY = YES;
				CLANG_WARN_ENUM_CONVERSION = YES;
				CLANG_WARN_INFINITE_RECURSION = YES;
				CLANG_WARN_INT_CONVERSION = YES;
				CLANG_WARN_NON_LITERAL_NULL_CONVERSION = YES;
				CLANG_WARN_OBJC_LITERAL_CONVERSION = YES;
				CLANG_WARN_OBJC_ROOT_CLASS = YES_ERROR;
				CLANG_WARN_RANGE_LOOP_ANALYSIS = YES;
				CLANG_WARN_STRICT_PROTOTYPES = YES;
				CLANG_WARN_SUSPICIOUS_MOVE = YES;
				CLANG_WARN_UNGUARDED_AVAILABILITY = YES_AGGRESSIVE;
				CLANG_WARN_UNREACHABLE_CODE = YES;
				CLANG_WARN__DUPLICATE_METHOD_MATCH = YES;
				CODE_SIGN_IDENTITY = "iPhone Developer";
				COPY_PHASE_STRIP = NO;
				DEBUG_INFORMATION_FORMAT = dwarf;
				ENABLE_STRICT_OBJC_MSGSEND = YES;
				ENABLE_TESTABILITY = YES;
				GCC_C_LANGUAGE_STANDARD = gnu11;
				GCC_DYNAMIC_NO_PIC = NO;
				GCC_NO_COMMON_BLOCKS = YES;
				GCC_OPTIMIZATION_LEVEL = 0;
				GCC_PREPROCESSOR_DEFINITIONS = (
					"DEBUG=1",
					"$(inherited)",
				);
				GCC_WARN_64_TO_32_BIT_CONVERSION = YES;
				GCC_WARN_ABOUT_RETURN_TYPE = YES_ERROR;
				GCC_WARN_UNDECLARED_SELECTOR = YES;
				GCC_WARN_UNINITIALIZED_AUTOS = YES_AGGRESSIVE;
				GCC_WARN_UNUSED_FUNCTION = YES;
				GCC_WARN_UNUSED_VARIABLE = YES;
				IPHONEOS_DEPLOYMENT_TARGET = 11.2;
				MTL_ENABLE_DEBUG_INFO = YES;
				ONLY_ACTIVE_ARCH = YES;
				SDKROOT = iphoneos;
				SWIFT_ACTIVE_COMPILATION_CONDITIONS = DEBUG;
				SWIFT_OPTIMIZATION_LEVEL = "-Onone";
			};
			name = Debug;
		};
		76CB898620503E46005B76A9 /* Release */ = {
			isa = XCBuildConfiguration;
			buildSettings = {
				ALWAYS_SEARCH_USER_PATHS = NO;
				CLANG_ANALYZER_NONNULL = YES;
				CLANG_ANALYZER_NUMBER_OBJECT_CONVERSION = YES_AGGRESSIVE;
				CLANG_CXX_LANGUAGE_STANDARD = "gnu++14";
				CLANG_CXX_LIBRARY = "libc++";
				CLANG_ENABLE_MODULES = YES;
				CLANG_ENABLE_OBJC_ARC = YES;
				CLANG_WARN_BLOCK_CAPTURE_AUTORELEASING = YES;
				CLANG_WARN_BOOL_CONVERSION = YES;
				CLANG_WARN_COMMA = YES;
				CLANG_WARN_CONSTANT_CONVERSION = YES;
				CLANG_WARN_DIRECT_OBJC_ISA_USAGE = YES_ERROR;
				CLANG_WARN_DOCUMENTATION_COMMENTS = YES;
				CLANG_WARN_EMPTY_BODY = YES;
				CLANG_WARN_ENUM_CONVERSION = YES;
				CLANG_WARN_INFINITE_RECURSION = YES;
				CLANG_WARN_INT_CONVERSION = YES;
				CLANG_WARN_NON_LITERAL_NULL_CONVERSION = YES;
				CLANG_WARN_OBJC_LITERAL_CONVERSION = YES;
				CLANG_WARN_OBJC_ROOT_CLASS = YES_ERROR;
				CLANG_WARN_RANGE_LOOP_ANALYSIS = YES;
				CLANG_WARN_STRICT_PROTOTYPES = YES;
				CLANG_WARN_SUSPICIOUS_MOVE = YES;
				CLANG_WARN_UNGUARDED_AVAILABILITY = YES_AGGRESSIVE;
				CLANG_WARN_UNREACHABLE_CODE = YES;
				CLANG_WARN__DUPLICATE_METHOD_MATCH = YES;
				CODE_SIGN_IDENTITY = "iPhone Developer";
				COPY_PHASE_STRIP = NO;
				DEBUG_INFORMATION_FORMAT = "dwarf-with-dsym";
				ENABLE_NS_ASSERTIONS = NO;
				ENABLE_STRICT_OBJC_MSGSEND = YES;
				GCC_C_LANGUAGE_STANDARD = gnu11;
				GCC_NO_COMMON_BLOCKS = YES;
				GCC_WARN_64_TO_32_BIT_CONVERSION = YES;
				GCC_WARN_ABOUT_RETURN_TYPE = YES_ERROR;
				GCC_WARN_UNDECLARED_SELECTOR = YES;
				GCC_WARN_UNINITIALIZED_AUTOS = YES_AGGRESSIVE;
				GCC_WARN_UNUSED_FUNCTION = YES;
				GCC_WARN_UNUSED_VARIABLE = YES;
				IPHONEOS_DEPLOYMENT_TARGET = 11.2;
				MTL_ENABLE_DEBUG_INFO = NO;
				SDKROOT = iphoneos;
				SWIFT_OPTIMIZATION_LEVEL = "-Owholemodule";
				VALIDATE_PRODUCT = YES;
			};
			name = Release;
		};
		76CB898820503E46005B76A9 /* Debug */ = {
			isa = XCBuildConfiguration;
			buildSettings = {
				ASSETCATALOG_COMPILER_APPICON_NAME = AppIcon;
				CODE_SIGN_STYLE = Automatic;
				DEVELOPMENT_TEAM = J4EZ9638SY;
				INFOPLIST_FILE = Service3.0/Info.plist;
				LD_RUNPATH_SEARCH_PATHS = "$(inherited) @executable_path/Frameworks";
				PRODUCT_BUNDLE_IDENTIFIER = "Oleh-Malichenko.Service3-0";
				PRODUCT_NAME = "$(TARGET_NAME)";
				SWIFT_VERSION = 4.0;
				TARGETED_DEVICE_FAMILY = "1,2";
			};
			name = Debug;
		};
		76CB898920503E46005B76A9 /* Release */ = {
			isa = XCBuildConfiguration;
			buildSettings = {
				ASSETCATALOG_COMPILER_APPICON_NAME = AppIcon;
				CODE_SIGN_STYLE = Automatic;
				DEVELOPMENT_TEAM = J4EZ9638SY;
				INFOPLIST_FILE = Service3.0/Info.plist;
				LD_RUNPATH_SEARCH_PATHS = "$(inherited) @executable_path/Frameworks";
				PRODUCT_BUNDLE_IDENTIFIER = "Oleh-Malichenko.Service3-0";
				PRODUCT_NAME = "$(TARGET_NAME)";
				SWIFT_VERSION = 4.0;
				TARGETED_DEVICE_FAMILY = "1,2";
			};
			name = Release;
		};
/* End XCBuildConfiguration section */

/* Begin XCConfigurationList section */
		76CB896D20503E46005B76A9 /* Build configuration list for PBXProject "Service3.0" */ = {
			isa = XCConfigurationList;
			buildConfigurations = (
				76CB898520503E46005B76A9 /* Debug */,
				76CB898620503E46005B76A9 /* Release */,
			);
			defaultConfigurationIsVisible = 0;
			defaultConfigurationName = Release;
		};
		76CB898720503E46005B76A9 /* Build configuration list for PBXNativeTarget "Service3.0" */ = {
			isa = XCConfigurationList;
			buildConfigurations = (
				76CB898820503E46005B76A9 /* Debug */,
				76CB898920503E46005B76A9 /* Release */,
			);
			defaultConfigurationIsVisible = 0;
			defaultConfigurationName = Release;
		};
/* End XCConfigurationList section */

/* Begin XCVersionGroup section */
		76CB897C20503E46005B76A9 /* Service3_0.xcdatamodeld */ = {
			isa = XCVersionGroup;
			children = (
				76CB897D20503E46005B76A9 /* Service3_0.xcdatamodel */,
			);
			currentVersion = 76CB897D20503E46005B76A9 /* Service3_0.xcdatamodel */;
			path = Service3_0.xcdatamodeld;
			sourceTree = "<group>";
			versionGroupType = wrapper.xcdatamodel;
		};
/* End XCVersionGroup section */
	};
	rootObject = 76CB896A20503E46005B76A9 /* Project object */;
}
